
Microsoft Visual Studio Solution File, Format Version 12.00
# Visual Studio Version 16
VisualStudioVersion = 16.0.31205.134
MinimumVisualStudioVersion = 10.0.40219.1
Project("{2150E333-8FDC-42A3-9474-1A3956D46DE8}") = "1. Web", "1. Web", "{5B4C676B-BB41-4D84-A6B9-C4B5B89D1868}"
EndProject
Project("{2150E333-8FDC-42A3-9474-1A3956D46DE8}") = "2. Service", "2. Service", "{B55D8E5F-7F05-4AD5-886B-7DA8F311F40B}"
EndProject
Project("{2150E333-8FDC-42A3-9474-1A3956D46DE8}") = "3. Repository", "3. Repository", "{351C3848-E88D-45C7-89EF-860FBFF437F3}"
EndProject
Project("{9A19103F-16F7-4668-BE54-9A1E7A4F7556}") = "EntityFrameworkCore", "3. Repository\EntityFrameworkCore\EntityFrameworkCore.csproj", "{2D0FEDBF-AC5E-441F-8C7C-B2498A6B2DEF}"
EndProject
Project("{9A19103F-16F7-4668-BE54-9A1E7A4F7556}") = "Blog", "1. Web\Blog\Blog.csproj", "{1DF76A93-BD44-4148-85EA-1BC9455E02C2}"
EndProject
Project("{2150E333-8FDC-42A3-9474-1A3956D46DE8}") = "4. Entity", "4. Entity", "{68132E31-554F-47DB-97DA-9DC20AD32F28}"
EndProject
Project("{9A19103F-16F7-4668-BE54-9A1E7A4F7556}") = "Entities", "4. Entity\Entities\Entities.csproj", "{F17381E6-56B1-409D-A43B-8A90A92919AC}"
EndProject
Project("{9A19103F-16F7-4668-BE54-9A1E7A4F7556}") = "DTOs", "4. Entity\DTOs\DTOs.csproj", "{E58A94DF-5A19-4901-9030-85F5BA3C90A6}"
EndProject
Project("{9A19103F-16F7-4668-BE54-9A1E7A4F7556}") = "Abstractions", "2. Service\Abstractions\Abstractions.csproj", "{16C4B682-A082-42C9-A382-64427D0063BB}"
EndProject
Project("{9A19103F-16F7-4668-BE54-9A1E7A4F7556}") = "Services", "2. Service\Services\Services.csproj", "{B9AF0DC7-DDB4-45AC-A067-C7CF60F6043E}"
EndProject
Project("{9A19103F-16F7-4668-BE54-9A1E7A4F7556}") = "Infrastructure", "3. Repository\Infrastructure\Infrastructure.csproj", "{3F372339-AEC7-4652-9DCB-0105D5BC4A56}"
EndProject
Project("{2150E333-8FDC-42A3-9474-1A3956D46DE8}") = "5. Common", "5. Common", "{384C643E-197D-4955-823B-BDAB32EC65BB}"
EndProject
Project("{9A19103F-16F7-4668-BE54-9A1E7A4F7556}") = "Common", "5. Common\Common\Common.csproj", "{59B5847F-CAA7-4D92-B81F-7CEA6B37D452}"
EndProject
Project("{9A19103F-16F7-4668-BE54-9A1E7A4F7556}") = "Mapper", "4. Entity\Mapper\Mapper.csproj", "{B8D181C6-75B8-4B8F-AACA-0C5449AFA6A8}"
EndProject
Global
	GlobalSection(SolutionConfigurationPlatforms) = preSolution
		Debug|Any CPU = Debug|Any CPU
		Release|Any CPU = Release|Any CPU
	EndGlobalSection
	GlobalSection(ProjectConfigurationPlatforms) = postSolution
		{2D0FEDBF-AC5E-441F-8C7C-B2498A6B2DEF}.Debug|Any CPU.ActiveCfg = Debug|Any CPU
		{2D0FEDBF-AC5E-441F-8C7C-B2498A6B2DEF}.Debug|Any CPU.Build.0 = Debug|Any CPU
		{2D0FEDBF-AC5E-441F-8C7C-B2498A6B2DEF}.Release|Any CPU.ActiveCfg = Release|Any CPU
		{2D0FEDBF-AC5E-441F-8C7C-B2498A6B2DEF}.Release|Any CPU.Build.0 = Release|Any CPU
		{1DF76A93-BD44-4148-85EA-1BC9455E02C2}.Debug|Any CPU.ActiveCfg = Debug|Any CPU
		{1DF76A93-BD44-4148-85EA-1BC9455E02C2}.Debug|Any CPU.Build.0 = Debug|Any CPU
		{1DF76A93-BD44-4148-85EA-1BC9455E02C2}.Release|Any CPU.ActiveCfg = Release|Any CPU
		{1DF76A93-BD44-4148-85EA-1BC9455E02C2}.Release|Any CPU.Build.0 = Release|Any CPU
		{F17381E6-56B1-409D-A43B-8A90A92919AC}.Debug|Any CPU.ActiveCfg = Debug|Any CPU
		{F17381E6-56B1-409D-A43B-8A90A92919AC}.Debug|Any CPU.Build.0 = Debug|Any CPU
		{F17381E6-56B1-409D-A43B-8A90A92919AC}.Release|Any CPU.ActiveCfg = Release|Any CPU
		{F17381E6-56B1-409D-A43B-8A90A92919AC}.Release|Any CPU.Build.0 = Release|Any CPU
		{E58A94DF-5A19-4901-9030-85F5BA3C90A6}.Debug|Any CPU.ActiveCfg = Debug|Any CPU
		{E58A94DF-5A19-4901-9030-85F5BA3C90A6}.Debug|Any CPU.Build.0 = Debug|Any CPU
		{E58A94DF-5A19-4901-9030-85F5BA3C90A6}.Release|Any CPU.ActiveCfg = Release|Any CPU
		{E58A94DF-5A19-4901-9030-85F5BA3C90A6}.Release|Any CPU.Build.0 = Release|Any CPU
		{16C4B682-A082-42C9-A382-64427D0063BB}.Debug|Any CPU.ActiveCfg = Debug|Any CPU
		{16C4B682-A082-42C9-A382-64427D0063BB}.Debug|Any CPU.Build.0 = Debug|Any CPU
		{16C4B682-A082-42C9-A382-64427D0063BB}.Release|Any CPU.ActiveCfg = Release|Any CPU
		{16C4B682-A082-42C9-A382-64427D0063BB}.Release|Any CPU.Build.0 = Release|Any CPU
		{B9AF0DC7-DDB4-45AC-A067-C7CF60F6043E}.Debug|Any CPU.ActiveCfg = Debug|Any CPU
		{B9AF0DC7-DDB4-45AC-A067-C7CF60F6043E}.Debug|Any CPU.Build.0 = Debug|Any CPU
		{B9AF0DC7-DDB4-45AC-A067-C7CF60F6043E}.Release|Any CPU.ActiveCfg = Release|Any CPU
		{B9AF0DC7-DDB4-45AC-A067-C7CF60F6043E}.Release|Any CPU.Build.0 = Release|Any CPU
		{3F372339-AEC7-4652-9DCB-0105D5BC4A56}.Debug|Any CPU.ActiveCfg = Debug|Any CPU
		{3F372339-AEC7-4652-9DCB-0105D5BC4A56}.Debug|Any CPU.Build.0 = Debug|Any CPU
		{3F372339-AEC7-4652-9DCB-0105D5BC4A56}.Release|Any CPU.ActiveCfg = Release|Any CPU
		{3F372339-AEC7-4652-9DCB-0105D5BC4A56}.Release|Any CPU.Build.0 = Release|Any CPU
		{59B5847F-CAA7-4D92-B81F-7CEA6B37D452}.Debug|Any CPU.ActiveCfg = Debug|Any CPU
		{59B5847F-CAA7-4D92-B81F-7CEA6B37D452}.Debug|Any CPU.Build.0 = Debug|Any CPU
		{59B5847F-CAA7-4D92-B81F-7CEA6B37D452}.Release|Any CPU.ActiveCfg = Release|Any CPU
		{59B5847F-CAA7-4D92-B81F-7CEA6B37D452}.Release|Any CPU.Build.0 = Release|Any CPU
		{B8D181C6-75B8-4B8F-AACA-0C5449AFA6A8}.Debug|Any CPU.ActiveCfg = Debug|Any CPU
		{B8D181C6-75B8-4B8F-AACA-0C5449AFA6A8}.Debug|Any CPU.Build.0 = Debug|Any CPU
		{B8D181C6-75B8-4B8F-AACA-0C5449AFA6A8}.Release|Any CPU.ActiveCfg = Release|Any CPU
		{B8D181C6-75B8-4B8F-AACA-0C5449AFA6A8}.Release|Any CPU.Build.0 = Release|Any CPU
	EndGlobalSection
	GlobalSection(SolutionProperties) = preSolution
		HideSolutionNode = FALSE
	EndGlobalSection
	GlobalSection(NestedProjects) = preSolution
		{2D0FEDBF-AC5E-441F-8C7C-B2498A6B2DEF} = {351C3848-E88D-45C7-89EF-860FBFF437F3}
		{1DF76A93-BD44-4148-85EA-1BC9455E02C2} = {5B4C676B-BB41-4D84-A6B9-C4B5B89D1868}
		{F17381E6-56B1-409D-A43B-8A90A92919AC} = {68132E31-554F-47DB-97DA-9DC20AD32F28}
		{E58A94DF-5A19-4901-9030-85F5BA3C90A6} = {68132E31-554F-47DB-97DA-9DC20AD32F28}
		{16C4B682-A082-42C9-A382-64427D0063BB} = {B55D8E5F-7F05-4AD5-886B-7DA8F311F40B}
		{B9AF0DC7-DDB4-45AC-A067-C7CF60F6043E} = {B55D8E5F-7F05-4AD5-886B-7DA8F311F40B}
		{3F372339-AEC7-4652-9DCB-0105D5BC4A56} = {351C3848-E88D-45C7-89EF-860FBFF437F3}
		{59B5847F-CAA7-4D92-B81F-7CEA6B37D452} = {384C643E-197D-4955-823B-BDAB32EC65BB}
		{B8D181C6-75B8-4B8F-AACA-0C5449AFA6A8} = {68132E31-554F-47DB-97DA-9DC20AD32F28}
	EndGlobalSection
	GlobalSection(ExtensibilityGlobals) = postSolution
		SolutionGuid = {3C02A314-3DD0-40F7-8C81-8F36B833399C}
	EndGlobalSection
EndGlobal
